
Microsoft Visual Studio Solution File, Format Version 12.00
# Visual Studio 15
VisualStudioVersion = 15.0.27130.2010
MinimumVisualStudioVersion = 10.0.40219.1
Project("{FAE04EC0-301F-11D3-BF4B-00C04F79EFBC}") = "CoreApp1", "CoreApp1\CoreApp1.csproj", "{378B92CC-72B6-4C92-A017-A894900BCF44}"
EndProject
Global
	GlobalSection(SolutionConfigurationPlatforms) = preSolution
		Debug|Any CPU = Debug|Any CPU
		Release|Any CPU = Release|Any CPU
	EndGlobalSection
	GlobalSection(ProjectConfigurationPlatforms) = postSolution
		{378B92CC-72B6-4C92-A017-A894900BCF44}.Debug|Any CPU.ActiveCfg = Debug|Any CPU
		{378B92CC-72B6-4C92-A017-A894900BCF44}.Debug|Any CPU.Build.0 = Debug|Any CPU
		{378B92CC-72B6-4C92-A017-A894900BCF44}.Release|Any CPU.ActiveCfg = Release|Any CPU
		{378B92CC-72B6-4C92-A017-A894900BCF44}.Release|Any CPU.Build.0 = Release|Any CPU
	EndGlobalSection
	GlobalSection(SolutionProperties) = preSolution
		HideSolutionNode = FALSE
	EndGlobalSection
	GlobalSection(ExtensibilityGlobals) = postSolution
		SolutionGuid = {EE88C5F5-D10C-46E4-A31B-872D32FC2880}
	EndGlobalSection
EndGlobal
